
Microsoft Visual Studio Solution File, Format Version 12.00
# Visual Studio Version 16
VisualStudioVersion = 16.0.31005.135
MinimumVisualStudioVersion = 10.0.40219.1
Project("{9A19103F-16F7-4668-BE54-9A1E7A4F7556}") = "Earth24", "Earth24\Earth24.csproj", "{1BB50EE1-19C1-4507-A82F-42C5862327F3}"
EndProject
Project("{9A19103F-16F7-4668-BE54-9A1E7A4F7556}") = "DataLibrary", "DataLibrary\DataLibrary.csproj", "{150EF746-628A-4ADE-82E0-D35426F00670}"
EndProject
Global
	GlobalSection(SolutionConfigurationPlatforms) = preSolution
		Debug|Any CPU = Debug|Any CPU
		Release|Any CPU = Release|Any CPU
	EndGlobalSection
	GlobalSection(ProjectConfigurationPlatforms) = postSolution
		{1BB50EE1-19C1-4507-A82F-42C5862327F3}.Debug|Any CPU.ActiveCfg = Debug|Any CPU
		{1BB50EE1-19C1-4507-A82F-42C5862327F3}.Debug|Any CPU.Build.0 = Debug|Any CPU
		{1BB50EE1-19C1-4507-A82F-42C5862327F3}.Release|Any CPU.ActiveCfg = Release|Any CPU
		{1BB50EE1-19C1-4507-A82F-42C5862327F3}.Release|Any CPU.Build.0 = Release|Any CPU
		{150EF746-628A-4ADE-82E0-D35426F00670}.Debug|Any CPU.ActiveCfg = Debug|Any CPU
		{150EF746-628A-4ADE-82E0-D35426F00670}.Debug|Any CPU.Build.0 = Debug|Any CPU
		{150EF746-628A-4ADE-82E0-D35426F00670}.Release|Any CPU.ActiveCfg = Release|Any CPU
		{150EF746-628A-4ADE-82E0-D35426F00670}.Release|Any CPU.Build.0 = Release|Any CPU
	EndGlobalSection
	GlobalSection(SolutionProperties) = preSolution
		HideSolutionNode = FALSE
	EndGlobalSection
	GlobalSection(ExtensibilityGlobals) = postSolution
		SolutionGuid = {B959D9C7-D1A7-440C-B927-D68441500330}
	EndGlobalSection
EndGlobal
